// !$*UTF8*$!
{
	archiveVersion = 1;
	classes = {
	};
	objectVersion = 46;
	objects = {

/* Begin PBXBuildFile section */
		67F1EA391ABFAF4A007A9FC8 /* main.m in Sources */ = {isa = PBXBuildFile; fileRef = 67F1EA381ABFAF4A007A9FC8 /* main.m */; };
		67F1EA3C1ABFAF4A007A9FC8 /* AppDelegate.m in Sources */ = {isa = PBXBuildFile; fileRef = 67F1EA3B1ABFAF4A007A9FC8 /* AppDelegate.m */; };
		67F1EA421ABFAF4A007A9FC8 /* Main.storyboard in Resources */ = {isa = PBXBuildFile; fileRef = 67F1EA401ABFAF4A007A9FC8 /* Main.storyboard */; };
		67F1EA441ABFAF4A007A9FC8 /* Images.xcassets in Resources */ = {isa = PBXBuildFile; fileRef = 67F1EA431ABFAF4A007A9FC8 /* Images.xcassets */; };
		67F1EA471ABFAF4A007A9FC8 /* LaunchScreen.xib in Resources */ = {isa = PBXBuildFile; fileRef = 67F1EA451ABFAF4A007A9FC8 /* LaunchScreen.xib */; };
		67F1EA531ABFAF4B007A9FC8 /* CalendarViewTests.m in Sources */ = {isa = PBXBuildFile; fileRef = 67F1EA521ABFAF4B007A9FC8 /* CalendarViewTests.m */; };
		FFF4256A1C070354006F513E /* NSDate+CalExt.m in Sources */ = {isa = PBXBuildFile; fileRef = FFF4254F1C070354006F513E /* NSDate+CalExt.m */; };
		FFF4256B1C070354006F513E /* UINib+NibExt.m in Sources */ = {isa = PBXBuildFile; fileRef = FFF425511C070354006F513E /* UINib+NibExt.m */; };
		FFF4256C1C070354006F513E /* UIView+ViewKit.m in Sources */ = {isa = PBXBuildFile; fileRef = FFF425531C070354006F513E /* UIView+ViewKit.m */; };
		FFF4256D1C070354006F513E /* CalendarHeaderView.m in Sources */ = {isa = PBXBuildFile; fileRef = FFF425561C070354006F513E /* CalendarHeaderView.m */; };
		FFF4256E1C070354006F513E /* CalendarHeaderView_320.xib in Resources */ = {isa = PBXBuildFile; fileRef = FFF425571C070354006F513E /* CalendarHeaderView_320.xib */; };
		FFF4256F1C070354006F513E /* CalendarHeaderView_375.xib in Resources */ = {isa = PBXBuildFile; fileRef = FFF425581C070354006F513E /* CalendarHeaderView_375.xib */; };
		FFF425701C070354006F513E /* CalendarHeaderView_414.xib in Resources */ = {isa = PBXBuildFile; fileRef = FFF425591C070354006F513E /* CalendarHeaderView_414.xib */; };
		FFF425711C070354006F513E /* CalendarView.m in Sources */ = {isa = PBXBuildFile; fileRef = FFF4255B1C070354006F513E /* CalendarView.m */; };
		FFF425721C070354006F513E /* CalendarView_320.xib in Resources */ = {isa = PBXBuildFile; fileRef = FFF4255C1C070354006F513E /* CalendarView_320.xib */; };
		FFF425731C070354006F513E /* CalendarView_375.xib in Resources */ = {isa = PBXBuildFile; fileRef = FFF4255D1C070354006F513E /* CalendarView_375.xib */; };
		FFF425741C070354006F513E /* CalendarView_414.xib in Resources */ = {isa = PBXBuildFile; fileRef = FFF4255E1C070354006F513E /* CalendarView_414.xib */; };
		FFF425751C070354006F513E /* CalendarViewCell.m in Sources */ = {isa = PBXBuildFile; fileRef = FFF425601C070354006F513E /* CalendarViewCell.m */; };
		FFF425761C070354006F513E /* CalendarViewCell_320.xib in Resources */ = {isa = PBXBuildFile; fileRef = FFF425611C070354006F513E /* CalendarViewCell_320.xib */; };
		FFF425771C070354006F513E /* CalendarViewCell_375.xib in Resources */ = {isa = PBXBuildFile; fileRef = FFF425621C070354006F513E /* CalendarViewCell_375.xib */; };
		FFF425781C070354006F513E /* CalendarViewCell_414.xib in Resources */ = {isa = PBXBuildFile; fileRef = FFF425631C070354006F513E /* CalendarViewCell_414.xib */; };
		FFF425791C070354006F513E /* CalendarViewLayout.m in Sources */ = {isa = PBXBuildFile; fileRef = FFF425651C070354006F513E /* CalendarViewLayout.m */; };
		FFF4257A1C070354006F513E /* ViewController.m in Sources */ = {isa = PBXBuildFile; fileRef = FFF425671C070354006F513E /* ViewController.m */; };
		FFF4257D1C0710CF006F513E /* demo1.gif in Resources */ = {isa = PBXBuildFile; fileRef = FFF4257C1C0710CF006F513E /* demo1.gif */; };
/* End PBXBuildFile section */

/* Begin PBXContainerItemProxy section */
		67F1EA4D1ABFAF4B007A9FC8 /* PBXContainerItemProxy */ = {
			isa = PBXContainerItemProxy;
			containerPortal = 67F1EA2B1ABFAF4A007A9FC8 /* Project object */;
			proxyType = 1;
			remoteGlobalIDString = 67F1EA321ABFAF4A007A9FC8;
			remoteInfo = CalendarView;
		};
/* End PBXContainerItemProxy section */

/* Begin PBXFileReference section */
		67F1EA331ABFAF4A007A9FC8 /* CalendarView.app */ = {isa = PBXFileReference; explicitFileType = wrapper.application; includeInIndex = 0; path = CalendarView.app; sourceTree = BUILT_PRODUCTS_DIR; };
		67F1EA371ABFAF4A007A9FC8 /* Info.plist */ = {isa = PBXFileReference; lastKnownFileType = text.plist.xml; path = Info.plist; sourceTree = "<group>"; };
		67F1EA381ABFAF4A007A9FC8 /* main.m */ = {isa = PBXFileReference; lastKnownFileType = sourcecode.c.objc; path = main.m; sourceTree = "<group>"; };
		67F1EA3A1ABFAF4A007A9FC8 /* AppDelegate.h */ = {isa = PBXFileReference; lastKnownFileType = sourcecode.c.h; path = AppDelegate.h; sourceTree = "<group>"; };
		67F1EA3B1ABFAF4A007A9FC8 /* AppDelegate.m */ = {isa = PBXFileReference; lastKnownFileType = sourcecode.c.objc; path = AppDelegate.m; sourceTree = "<group>"; };
		67F1EA411ABFAF4A007A9FC8 /* Base */ = {isa = PBXFileReference; lastKnownFileType = file.storyboard; name = Base; path = Base.lproj/Main.storyboard; sourceTree = "<group>"; };
		67F1EA431ABFAF4A007A9FC8 /* Images.xcassets */ = {isa = PBXFileReference; lastKnownFileType = folder.assetcatalog; path = Images.xcassets; sourceTree = "<group>"; };
		67F1EA461ABFAF4A007A9FC8 /* Base */ = {isa = PBXFileReference; lastKnownFileType = file.xib; name = Base; path = Base.lproj/LaunchScreen.xib; sourceTree = "<group>"; };
		67F1EA4C1ABFAF4B007A9FC8 /* CalendarViewTests.xctest */ = {isa = PBXFileReference; explicitFileType = wrapper.cfbundle; includeInIndex = 0; path = CalendarViewTests.xctest; sourceTree = BUILT_PRODUCTS_DIR; };
		67F1EA511ABFAF4B007A9FC8 /* Info.plist */ = {isa = PBXFileReference; lastKnownFileType = text.plist.xml; path = Info.plist; sourceTree = "<group>"; };
		67F1EA521ABFAF4B007A9FC8 /* CalendarViewTests.m */ = {isa = PBXFileReference; lastKnownFileType = sourcecode.c.objc; path = CalendarViewTests.m; sourceTree = "<group>"; };
		FFF4254E1C070354006F513E /* NSDate+CalExt.h */ = {isa = PBXFileReference; fileEncoding = 4; lastKnownFileType = sourcecode.c.h; path = "NSDate+CalExt.h"; sourceTree = "<group>"; };
		FFF4254F1C070354006F513E /* NSDate+CalExt.m */ = {isa = PBXFileReference; fileEncoding = 4; lastKnownFileType = sourcecode.c.objc; path = "NSDate+CalExt.m"; sourceTree = "<group>"; };
		FFF425501C070354006F513E /* UINib+NibExt.h */ = {isa = PBXFileReference; fileEncoding = 4; lastKnownFileType = sourcecode.c.h; path = "UINib+NibExt.h"; sourceTree = "<group>"; };
		FFF425511C070354006F513E /* UINib+NibExt.m */ = {isa = PBXFileReference; fileEncoding = 4; lastKnownFileType = sourcecode.c.objc; path = "UINib+NibExt.m"; sourceTree = "<group>"; };
		FFF425521C070354006F513E /* UIView+ViewKit.h */ = {isa = PBXFileReference; fileEncoding = 4; lastKnownFileType = sourcecode.c.h; path = "UIView+ViewKit.h"; sourceTree = "<group>"; };
		FFF425531C070354006F513E /* UIView+ViewKit.m */ = {isa = PBXFileReference; fileEncoding = 4; lastKnownFileType = sourcecode.c.objc; path = "UIView+ViewKit.m"; sourceTree = "<group>"; };
		FFF425551C070354006F513E /* CalendarHeaderView.h */ = {isa = PBXFileReference; fileEncoding = 4; lastKnownFileType = sourcecode.c.h; path = CalendarHeaderView.h; sourceTree = "<group>"; };
		FFF425561C070354006F513E /* CalendarHeaderView.m */ = {isa = PBXFileReference; fileEncoding = 4; lastKnownFileType = sourcecode.c.objc; path = CalendarHeaderView.m; sourceTree = "<group>"; };
		FFF425571C070354006F513E /* CalendarHeaderView_320.xib */ = {isa = PBXFileReference; fileEncoding = 4; lastKnownFileType = file.xib; path = CalendarHeaderView_320.xib; sourceTree = "<group>"; };
		FFF425581C070354006F513E /* CalendarHeaderView_375.xib */ = {isa = PBXFileReference; fileEncoding = 4; lastKnownFileType = file.xib; path = CalendarHeaderView_375.xib; sourceTree = "<group>"; };
		FFF425591C070354006F513E /* CalendarHeaderView_414.xib */ = {isa = PBXFileReference; fileEncoding = 4; lastKnownFileType = file.xib; path = CalendarHeaderView_414.xib; sourceTree = "<group>"; };
		FFF4255A1C070354006F513E /* CalendarView.h */ = {isa = PBXFileReference; fileEncoding = 4; lastKnownFileType = sourcecode.c.h; path = CalendarView.h; sourceTree = "<group>"; };
		FFF4255B1C070354006F513E /* CalendarView.m */ = {isa = PBXFileReference; fileEncoding = 4; lastKnownFileType = sourcecode.c.objc; path = CalendarView.m; sourceTree = "<group>"; };
		FFF4255C1C070354006F513E /* CalendarView_320.xib */ = {isa = PBXFileReference; fileEncoding = 4; lastKnownFileType = file.xib; path = CalendarView_320.xib; sourceTree = "<group>"; };
		FFF4255D1C070354006F513E /* CalendarView_375.xib */ = {isa = PBXFileReference; fileEncoding = 4; lastKnownFileType = file.xib; path = CalendarView_375.xib; sourceTree = "<group>"; };
		FFF4255E1C070354006F513E /* CalendarView_414.xib */ = {isa = PBXFileReference; fileEncoding = 4; lastKnownFileType = file.xib; path = CalendarView_414.xib; sourceTree = "<group>"; };
		FFF4255F1C070354006F513E /* CalendarViewCell.h */ = {isa = PBXFileReference; fileEncoding = 4; lastKnownFileType = sourcecode.c.h; path = CalendarViewCell.h; sourceTree = "<group>"; };
		FFF425601C070354006F513E /* CalendarViewCell.m */ = {isa = PBXFileReference; fileEncoding = 4; lastKnownFileType = sourcecode.c.objc; path = CalendarViewCell.m; sourceTree = "<group>"; };
		FFF425611C070354006F513E /* CalendarViewCell_320.xib */ = {isa = PBXFileReference; fileEncoding = 4; lastKnownFileType = file.xib; path = CalendarViewCell_320.xib; sourceTree = "<group>"; };
		FFF425621C070354006F513E /* CalendarViewCell_375.xib */ = {isa = PBXFileReference; fileEncoding = 4; lastKnownFileType = file.xib; path = CalendarViewCell_375.xib; sourceTree = "<group>"; };
		FFF425631C070354006F513E /* CalendarViewCell_414.xib */ = {isa = PBXFileReference; fileEncoding = 4; lastKnownFileType = file.xib; path = CalendarViewCell_414.xib; sourceTree = "<group>"; };
		FFF425641C070354006F513E /* CalendarViewLayout.h */ = {isa = PBXFileReference; fileEncoding = 4; lastKnownFileType = sourcecode.c.h; path = CalendarViewLayout.h; sourceTree = "<group>"; };
		FFF425651C070354006F513E /* CalendarViewLayout.m */ = {isa = PBXFileReference; fileEncoding = 4; lastKnownFileType = sourcecode.c.objc; path = CalendarViewLayout.m; sourceTree = "<group>"; };
		FFF425661C070354006F513E /* ViewController.h */ = {isa = PBXFileReference; fileEncoding = 4; lastKnownFileType = sourcecode.c.h; path = ViewController.h; sourceTree = "<group>"; };
		FFF425671C070354006F513E /* ViewController.m */ = {isa = PBXFileReference; fileEncoding = 4; lastKnownFileType = sourcecode.c.objc; path = ViewController.m; sourceTree = "<group>"; };
		FFF4257C1C0710CF006F513E /* demo1.gif */ = {isa = PBXFileReference; lastKnownFileType = image.gif; path = demo1.gif; sourceTree = "<group>"; };
/* End PBXFileReference section */

/* Begin PBXFrameworksBuildPhase section */
		67F1EA301ABFAF4A007A9FC8 /* Frameworks */ = {
			isa = PBXFrameworksBuildPhase;
			buildActionMask = 2147483647;
			files = (
			);
			runOnlyForDeploymentPostprocessing = 0;
		};
		67F1EA491ABFAF4B007A9FC8 /* Frameworks */ = {
			isa = PBXFrameworksBuildPhase;
			buildActionMask = 2147483647;
			files = (
			);
			runOnlyForDeploymentPostprocessing = 0;
		};
/* End PBXFrameworksBuildPhase section */

/* Begin PBXGroup section */
		67F1EA2A1ABFAF4A007A9FC8 = {
			isa = PBXGroup;
			children = (
				67F1EA351ABFAF4A007A9FC8 /* CalendarView */,
				67F1EA4F1ABFAF4B007A9FC8 /* CalendarViewTests */,
				67F1EA341ABFAF4A007A9FC8 /* Products */,
			);
			sourceTree = "<group>";
		};
		67F1EA341ABFAF4A007A9FC8 /* Products */ = {
			isa = PBXGroup;
			children = (
				67F1EA331ABFAF4A007A9FC8 /* CalendarView.app */,
				67F1EA4C1ABFAF4B007A9FC8 /* CalendarViewTests.xctest */,
			);
			name = Products;
			sourceTree = "<group>";
		};
		67F1EA351ABFAF4A007A9FC8 /* CalendarView */ = {
			isa = PBXGroup;
			children = (
				FFF4254D1C070354006F513E /* CalClasses */,
				FFF425541C070354006F513E /* Demo */,
				FFF425681C070354006F513E /* Resources */,
				67F1EA3A1ABFAF4A007A9FC8 /* AppDelegate.h */,
				67F1EA3B1ABFAF4A007A9FC8 /* AppDelegate.m */,
				67F1EA401ABFAF4A007A9FC8 /* Main.storyboard */,
				67F1EA431ABFAF4A007A9FC8 /* Images.xcassets */,
				67F1EA451ABFAF4A007A9FC8 /* LaunchScreen.xib */,
				67F1EA361ABFAF4A007A9FC8 /* Supporting Files */,
			);
			path = CalendarView;
			sourceTree = "<group>";
		};
		67F1EA361ABFAF4A007A9FC8 /* Supporting Files */ = {
			isa = PBXGroup;
			children = (
				67F1EA371ABFAF4A007A9FC8 /* Info.plist */,
				67F1EA381ABFAF4A007A9FC8 /* main.m */,
			);
			name = "Supporting Files";
			sourceTree = "<group>";
		};
		67F1EA4F1ABFAF4B007A9FC8 /* CalendarViewTests */ = {
			isa = PBXGroup;
			children = (
				67F1EA521ABFAF4B007A9FC8 /* CalendarViewTests.m */,
				67F1EA501ABFAF4B007A9FC8 /* Supporting Files */,
			);
			path = CalendarViewTests;
			sourceTree = "<group>";
		};
		67F1EA501ABFAF4B007A9FC8 /* Supporting Files */ = {
			isa = PBXGroup;
			children = (
				67F1EA511ABFAF4B007A9FC8 /* Info.plist */,
			);
			name = "Supporting Files";
			sourceTree = "<group>";
		};
		FFF4254D1C070354006F513E /* CalClasses */ = {
			isa = PBXGroup;
			children = (
				FFF4254E1C070354006F513E /* NSDate+CalExt.h */,
				FFF4254F1C070354006F513E /* NSDate+CalExt.m */,
				FFF425501C070354006F513E /* UINib+NibExt.h */,
				FFF425511C070354006F513E /* UINib+NibExt.m */,
				FFF425521C070354006F513E /* UIView+ViewKit.h */,
				FFF425531C070354006F513E /* UIView+ViewKit.m */,
			);
			path = CalClasses;
			sourceTree = "<group>";
		};
		FFF425541C070354006F513E /* Demo */ = {
			isa = PBXGroup;
			children = (
				FFF425551C070354006F513E /* CalendarHeaderView.h */,
				FFF425561C070354006F513E /* CalendarHeaderView.m */,
				FFF425571C070354006F513E /* CalendarHeaderView_320.xib */,
				FFF425581C070354006F513E /* CalendarHeaderView_375.xib */,
				FFF425591C070354006F513E /* CalendarHeaderView_414.xib */,
				FFF4255A1C070354006F513E /* CalendarView.h */,
				FFF4255B1C070354006F513E /* CalendarView.m */,
				FFF4255C1C070354006F513E /* CalendarView_320.xib */,
				FFF4255D1C070354006F513E /* CalendarView_375.xib */,
				FFF4255E1C070354006F513E /* CalendarView_414.xib */,
				FFF4255F1C070354006F513E /* CalendarViewCell.h */,
				FFF425601C070354006F513E /* CalendarViewCell.m */,
				FFF425611C070354006F513E /* CalendarViewCell_320.xib */,
				FFF425621C070354006F513E /* CalendarViewCell_375.xib */,
				FFF425631C070354006F513E /* CalendarViewCell_414.xib */,
				FFF425641C070354006F513E /* CalendarViewLayout.h */,
				FFF425651C070354006F513E /* CalendarViewLayout.m */,
				FFF425661C070354006F513E /* ViewController.h */,
				FFF425671C070354006F513E /* ViewController.m */,
			);
			path = Demo;
			sourceTree = "<group>";
		};
		FFF425681C070354006F513E /* Resources */ = {
			isa = PBXGroup;
			children = (
				FFF4257C1C0710CF006F513E /* demo1.gif */,
			);
			path = Resources;
			sourceTree = "<group>";
		};
/* End PBXGroup section */

/* Begin PBXNativeTarget section */
		67F1EA321ABFAF4A007A9FC8 /* CalendarView */ = {
			isa = PBXNativeTarget;
			buildConfigurationList = 67F1EA561ABFAF4B007A9FC8 /* Build configuration list for PBXNativeTarget "CalendarView" */;
			buildPhases = (
				67F1EA2F1ABFAF4A007A9FC8 /* Sources */,
				67F1EA301ABFAF4A007A9FC8 /* Frameworks */,
				67F1EA311ABFAF4A007A9FC8 /* Resources */,
			);
			buildRules = (
			);
			dependencies = (
			);
			name = CalendarView;
			productName = CalendarView;
			productReference = 67F1EA331ABFAF4A007A9FC8 /* CalendarView.app */;
			productType = "com.apple.product-type.application";
		};
		67F1EA4B1ABFAF4B007A9FC8 /* CalendarViewTests */ = {
			isa = PBXNativeTarget;
			buildConfigurationList = 67F1EA591ABFAF4B007A9FC8 /* Build configuration list for PBXNativeTarget "CalendarViewTests" */;
			buildPhases = (
				67F1EA481ABFAF4B007A9FC8 /* Sources */,
				67F1EA491ABFAF4B007A9FC8 /* Frameworks */,
				67F1EA4A1ABFAF4B007A9FC8 /* Resources */,
			);
			buildRules = (
			);
			dependencies = (
				67F1EA4E1ABFAF4B007A9FC8 /* PBXTargetDependency */,
			);
			name = CalendarViewTests;
			productName = CalendarViewTests;
			productReference = 67F1EA4C1ABFAF4B007A9FC8 /* CalendarViewTests.xctest */;
			productType = "com.apple.product-type.bundle.unit-test";
		};
/* End PBXNativeTarget section */

/* Begin PBXProject section */
		67F1EA2B1ABFAF4A007A9FC8 /* Project object */ = {
			isa = PBXProject;
			attributes = {
				LastUpgradeCheck = 0620;
				ORGANIZATIONNAME = hupeng;
				TargetAttributes = {
					67F1EA321ABFAF4A007A9FC8 = {
						CreatedOnToolsVersion = 6.2;
					};
					67F1EA4B1ABFAF4B007A9FC8 = {
						CreatedOnToolsVersion = 6.2;
						TestTargetID = 67F1EA321ABFAF4A007A9FC8;
					};
				};
			};
			buildConfigurationList = 67F1EA2E1ABFAF4A007A9FC8 /* Build configuration list for PBXProject "CalendarView" */;
			compatibilityVersion = "Xcode 3.2";
			developmentRegion = English;
			hasScannedForEncodings = 0;
			knownRegions = (
				en,
				Base,
			);
			mainGroup = 67F1EA2A1ABFAF4A007A9FC8;
			productRefGroup = 67F1EA341ABFAF4A007A9FC8 /* Products */;
			projectDirPath = "";
			projectRoot = "";
			targets = (
				67F1EA321ABFAF4A007A9FC8 /* CalendarView */,
				67F1EA4B1ABFAF4B007A9FC8 /* CalendarViewTests */,
			);
		};
/* End PBXProject section */

/* Begin PBXResourcesBuildPhase section */
		67F1EA311ABFAF4A007A9FC8 /* Resources */ = {
			isa = PBXResourcesBuildPhase;
			buildActionMask = 2147483647;
			files = (
				FFF425731C070354006F513E /* CalendarView_375.xib in Resources */,
				67F1EA421ABFAF4A007A9FC8 /* Main.storyboard in Resources */,
				FFF4256E1C070354006F513E /* CalendarHeaderView_320.xib in Resources */,
				67F1EA471ABFAF4A007A9FC8 /* LaunchScreen.xib in Resources */,
				FFF425701C070354006F513E /* CalendarHeaderView_414.xib in Resources */,
				FFF425741C070354006F513E /* CalendarView_414.xib in Resources */,
				FFF425781C070354006F513E /* CalendarViewCell_414.xib in Resources */,
				FFF425721C070354006F513E /* CalendarView_320.xib in Resources */,
				67F1EA441ABFAF4A007A9FC8 /* Images.xcassets in Resources */,
				FFF4257D1C0710CF006F513E /* demo1.gif in Resources */,
				FFF425761C070354006F513E /* CalendarViewCell_320.xib in Resources */,
				FFF425771C070354006F513E /* CalendarViewCell_375.xib in Resources */,
				FFF4256F1C070354006F513E /* CalendarHeaderView_375.xib in Resources */,
			);
			runOnlyForDeploymentPostprocessing = 0;
		};
		67F1EA4A1ABFAF4B007A9FC8 /* Resources */ = {
			isa = PBXResourcesBuildPhase;
			buildActionMask = 2147483647;
			files = (
			);
			runOnlyForDeploymentPostprocessing = 0;
		};
/* End PBXResourcesBuildPhase section */

/* Begin PBXSourcesBuildPhase section */
		67F1EA2F1ABFAF4A007A9FC8 /* Sources */ = {
			isa = PBXSourcesBuildPhase;
			buildActionMask = 2147483647;
			files = (
				FFF4256A1C070354006F513E /* NSDate+CalExt.m in Sources */,
				FFF425711C070354006F513E /* CalendarView.m in Sources */,
				FFF425751C070354006F513E /* CalendarViewCell.m in Sources */,
				FFF425791C070354006F513E /* CalendarViewLayout.m in Sources */,
				FFF4257A1C070354006F513E /* ViewController.m in Sources */,
				FFF4256B1C070354006F513E /* UINib+NibExt.m in Sources */,
				67F1EA3C1ABFAF4A007A9FC8 /* AppDelegate.m in Sources */,
				67F1EA391ABFAF4A007A9FC8 /* main.m in Sources */,
				FFF4256C1C070354006F513E /* UIView+ViewKit.m in Sources */,
				FFF4256D1C070354006F513E /* CalendarHeaderView.m in Sources */,
			);
			runOnlyForDeploymentPostprocessing = 0;
		};
		67F1EA481ABFAF4B007A9FC8 /* Sources */ = {
			isa = PBXSourcesBuildPhase;
			buildActionMask = 2147483647;
			files = (
				67F1EA531ABFAF4B007A9FC8 /* CalendarViewTests.m in Sources */,
			);
			runOnlyForDeploymentPostprocessing = 0;
		};
/* End PBXSourcesBuildPhase section */

/* Begin PBXTargetDependency section */
		67F1EA4E1ABFAF4B007A9FC8 /* PBXTargetDependency */ = {
			isa = PBXTargetDependency;
			target = 67F1EA321ABFAF4A007A9FC8 /* CalendarView */;
			targetProxy = 67F1EA4D1ABFAF4B007A9FC8 /* PBXContainerItemProxy */;
		};
/* End PBXTargetDependency section */

/* Begin PBXVariantGroup section */
		67F1EA401ABFAF4A007A9FC8 /* Main.storyboard */ = {
			isa = PBXVariantGroup;
			children = (
				67F1EA411ABFAF4A007A9FC8 /* Base */,
			);
			name = Main.storyboard;
			sourceTree = "<group>";
		};
		67F1EA451ABFAF4A007A9FC8 /* LaunchScreen.xib */ = {
			isa = PBXVariantGroup;
			children = (
				67F1EA461ABFAF4A007A9FC8 /* Base */,
			);
			name = LaunchScreen.xib;
			sourceTree = "<group>";
		};
/* End PBXVariantGroup section */

/* Begin XCBuildConfiguration section */
		67F1EA541ABFAF4B007A9FC8 /* Debug */ = {
			isa = XCBuildConfiguration;
			buildSettings = {
				ALWAYS_SEARCH_USER_PATHS = NO;
				CLANG_CXX_LANGUAGE_STANDARD = "gnu++0x";
				CLANG_CXX_LIBRARY = "libc++";
				CLANG_ENABLE_MODULES = YES;
				CLANG_ENABLE_OBJC_ARC = YES;
				CLANG_WARN_BOOL_CONVERSION = YES;
				CLANG_WARN_CONSTANT_CONVERSION = YES;
				CLANG_WARN_DIRECT_OBJC_ISA_USAGE = YES_ERROR;
				CLANG_WARN_EMPTY_BODY = YES;
				CLANG_WARN_ENUM_CONVERSION = YES;
				CLANG_WARN_INT_CONVERSION = YES;
				CLANG_WARN_OBJC_ROOT_CLASS = YES_ERROR;
				CLANG_WARN_UNREACHABLE_CODE = YES;
				CLANG_WARN__DUPLICATE_METHOD_MATCH = YES;
				"CODE_SIGN_IDENTITY[sdk=iphoneos*]" = "iPhone Developer";
				COPY_PHASE_STRIP = NO;
				ENABLE_STRICT_OBJC_MSGSEND = YES;
				GCC_C_LANGUAGE_STANDARD = gnu99;
				GCC_DYNAMIC_NO_PIC = NO;
				GCC_OPTIMIZATION_LEVEL = 0;
				GCC_PREPROCESSOR_DEFINITIONS = (
					"DEBUG=1",
					"$(inherited)",
				);
				GCC_SYMBOLS_PRIVATE_EXTERN = NO;
				GCC_WARN_64_TO_32_BIT_CONVERSION = YES;
				GCC_WARN_ABOUT_RETURN_TYPE = YES_ERROR;
				GCC_WARN_UNDECLARED_SELECTOR = YES;
				GCC_WARN_UNINITIALIZED_AUTOS = YES_AGGRESSIVE;
				GCC_WARN_UNUSED_FUNCTION = YES;
				GCC_WARN_UNUSED_VARIABLE = YES;
				IPHONEOS_DEPLOYMENT_TARGET = 8.2;
				MTL_ENABLE_DEBUG_INFO = YES;
				ONLY_ACTIVE_ARCH = YES;
				SDKROOT = iphoneos;
				TARGETED_DEVICE_FAMILY = "1,2";
			};
			name = Debug;
		};
		67F1EA551ABFAF4B007A9FC8 /* Release */ = {
			isa = XCBuildConfiguration;
			buildSettings = {
				ALWAYS_SEARCH_USER_PATHS = NO;
				CLANG_CXX_LANGUAGE_STANDARD = "gnu++0x";
				CLANG_CXX_LIBRARY = "libc++";
				CLANG_ENABLE_MODULES = YES;
				CLANG_ENABLE_OBJC_ARC = YES;
				CLANG_WARN_BOOL_CONVERSION = YES;
				CLANG_WARN_CONSTANT_CONVERSION = YES;
				CLANG_WARN_DIRECT_OBJC_ISA_USAGE = YES_ERROR;
				CLANG_WARN_EMPTY_BODY = YES;
				CLANG_WARN_ENUM_CONVERSION = YES;
				CLANG_WARN_INT_CONVERSION = YES;
				CLANG_WARN_OBJC_ROOT_CLASS = YES_ERROR;
				CLANG_WARN_UNREACHABLE_CODE = YES;
				CLANG_WARN__DUPLICATE_METHOD_MATCH = YES;
				"CODE_SIGN_IDENTITY[sdk=iphoneos*]" = "iPhone Developer";
				COPY_PHASE_STRIP = NO;
				ENABLE_NS_ASSERTIONS = NO;
				ENABLE_STRICT_OBJC_MSGSEND = YES;
				GCC_C_LANGUAGE_STANDARD = gnu99;
				GCC_WARN_64_TO_32_BIT_CONVERSION = YES;
				GCC_WARN_ABOUT_RETURN_TYPE = YES_ERROR;
				GCC_WARN_UNDECLARED_SELECTOR = YES;
				GCC_WARN_UNINITIALIZED_AUTOS = YES_AGGRESSIVE;
				GCC_WARN_UNUSED_FUNCTION = YES;
				GCC_WARN_UNUSED_VARIABLE = YES;
				IPHONEOS_DEPLOYMENT_TARGET = 8.2;
				MTL_ENABLE_DEBUG_INFO = NO;
				SDKROOT = iphoneos;
				TARGETED_DEVICE_FAMILY = "1,2";
				VALIDATE_PRODUCT = YES;
			};
			name = Release;
		};
		67F1EA571ABFAF4B007A9FC8 /* Debug */ = {
			isa = XCBuildConfiguration;
			buildSettings = {
				ASSETCATALOG_COMPILER_APPICON_NAME = AppIcon;
				INFOPLIST_FILE = CalendarView/Info.plist;
				LD_RUNPATH_SEARCH_PATHS = "$(inherited) @executable_path/Frameworks";
				PRODUCT_NAME = "$(TARGET_NAME)";
			};
			name = Debug;
		};
		67F1EA581ABFAF4B007A9FC8 /* Release */ = {
			isa = XCBuildConfiguration;
			buildSettings = {
				ASSETCATALOG_COMPILER_APPICON_NAME = AppIcon;
				INFOPLIST_FILE = CalendarView/Info.plist;
				LD_RUNPATH_SEARCH_PATHS = "$(inherited) @executable_path/Frameworks";
				PRODUCT_NAME = "$(TARGET_NAME)";
			};
			name = Release;
		};
		67F1EA5A1ABFAF4B007A9FC8 /* Debug */ = {
			isa = XCBuildConfiguration;
			buildSettings = {
				BUNDLE_LOADER = "$(TEST_HOST)";
				FRAMEWORK_SEARCH_PATHS = (
					"$(SDKROOT)/Developer/Library/Frameworks",
					"$(inherited)",
				);
				GCC_PREPROCESSOR_DEFINITIONS = (
					"DEBUG=1",
					"$(inherited)",
				);
				INFOPLIST_FILE = CalendarViewTests/Info.plist;
				LD_RUNPATH_SEARCH_PATHS = "$(inherited) @executable_path/Frameworks @loader_path/Frameworks";
				PRODUCT_NAME = "$(TARGET_NAME)";
				TEST_HOST = "$(BUILT_PRODUCTS_DIR)/CalendarView.app/CalendarView";
			};
			name = Debug;
		};
		67F1EA5B1ABFAF4B007A9FC8 /* Release */ = {
			isa = XCBuildConfiguration;
			buildSettings = {
				BUNDLE_LOADER = "$(TEST_HOST)";
				FRAMEWORK_SEARCH_PATHS = (
					"$(SDKROOT)/Developer/Library/Frameworks",
					"$(inherited)",
				);
				INFOPLIST_FILE = CalendarViewTests/Info.plist;
				LD_RUNPATH_SEARCH_PATHS = "$(inherited) @executable_path/Frameworks @loader_path/Frameworks";
				PRODUCT_NAME = "$(TARGET_NAME)";
				TEST_HOST = "$(BUILT_PRODUCTS_DIR)/CalendarView.app/CalendarView";
			};
			name = Release;
		};
/* End XCBuildConfiguration section */

/* Begin XCConfigurationList section */
		67F1EA2E1ABFAF4A007A9FC8 /* Build configuration list for PBXProject "CalendarView" */ = {
			isa = XCConfigurationList;
			buildConfigurations = (
				67F1EA541ABFAF4B007A9FC8 /* Debug */,
				67F1EA551ABFAF4B007A9FC8 /* Release */,
			);
			defaultConfigurationIsVisible = 0;
			defaultConfigurationName = Release;
		};
		67F1EA561ABFAF4B007A9FC8 /* Build configuration list for PBXNativeTarget "CalendarView" */ = {
			isa = XCConfigurationList;
			buildConfigurations = (
				67F1EA571ABFAF4B007A9FC8 /* Debug */,
				67F1EA581ABFAF4B007A9FC8 /* Release */,
			);
			defaultConfigurationIsVisible = 0;
			defaultConfigurationName = Release;
		};
		67F1EA591ABFAF4B007A9FC8 /* Build configuration list for PBXNativeTarget "CalendarViewTests" */ = {
			isa = XCConfigurationList;
			buildConfigurations = (
				67F1EA5A1ABFAF4B007A9FC8 /* Debug */,
				67F1EA5B1ABFAF4B007A9FC8 /* Release */,
			);
			defaultConfigurationIsVisible = 0;
			defaultConfigurationName = Release;
		};
/* End XCConfigurationList section */
	};
	rootObject = 67F1EA2B1ABFAF4A007A9FC8 /* Project object */;
}
